// !$*UTF8*$!
{
	archiveVersion = 1;
	classes = {
	};
	objectVersion = 56;
	objects = {

/* Begin PBXBuildFile section */
		0BAA41AE299EE66D00E94B47 /* TableViewCell.swift in Sources */ = {isa = PBXBuildFile; fileRef = 0BAA41AD299EE66D00E94B47 /* TableViewCell.swift */; };
		0BAA41B1299EF84E00E94B47 /* DataUser.swift in Sources */ = {isa = PBXBuildFile; fileRef = 0BAA41B0299EF84E00E94B47 /* DataUser.swift */; };
		0BDF5D11299C6B97007C9FAD /* AppDelegate.swift in Sources */ = {isa = PBXBuildFile; fileRef = 0BDF5D10299C6B97007C9FAD /* AppDelegate.swift */; };
		0BDF5D13299C6B97007C9FAD /* SceneDelegate.swift in Sources */ = {isa = PBXBuildFile; fileRef = 0BDF5D12299C6B97007C9FAD /* SceneDelegate.swift */; };
		0BDF5D15299C6B97007C9FAD /* HomeVC.swift in Sources */ = {isa = PBXBuildFile; fileRef = 0BDF5D14299C6B97007C9FAD /* HomeVC.swift */; };
		0BDF5D1A299C6B98007C9FAD /* Assets.xcassets in Resources */ = {isa = PBXBuildFile; fileRef = 0BDF5D19299C6B98007C9FAD /* Assets.xcassets */; };
		0BDF5D1D299C6B98007C9FAD /* LaunchScreen.storyboard in Resources */ = {isa = PBXBuildFile; fileRef = 0BDF5D1B299C6B98007C9FAD /* LaunchScreen.storyboard */; };
		0BDF5D28299C6B98007C9FAD /* TableViewTests.swift in Sources */ = {isa = PBXBuildFile; fileRef = 0BDF5D27299C6B98007C9FAD /* TableViewTests.swift */; };
		0BDF5D32299C6B98007C9FAD /* TableViewUITests.swift in Sources */ = {isa = PBXBuildFile; fileRef = 0BDF5D31299C6B98007C9FAD /* TableViewUITests.swift */; };
		0BDF5D34299C6B98007C9FAD /* TableViewUITestsLaunchTests.swift in Sources */ = {isa = PBXBuildFile; fileRef = 0BDF5D33299C6B98007C9FAD /* TableViewUITestsLaunchTests.swift */; };
		0BDF5D45299C7C37007C9FAD /* HomeScreen.swift in Sources */ = {isa = PBXBuildFile; fileRef = 0BDF5D44299C7C37007C9FAD /* HomeScreen.swift */; };
/* End PBXBuildFile section */

/* Begin PBXContainerItemProxy section */
		0BDF5D24299C6B98007C9FAD /* PBXContainerItemProxy */ = {
			isa = PBXContainerItemProxy;
			containerPortal = 0BDF5D05299C6B97007C9FAD /* Project object */;
			proxyType = 1;
			remoteGlobalIDString = 0BDF5D0C299C6B97007C9FAD;
			remoteInfo = TableView;
		};
		0BDF5D2E299C6B98007C9FAD /* PBXContainerItemProxy */ = {
			isa = PBXContainerItemProxy;
			containerPortal = 0BDF5D05299C6B97007C9FAD /* Project object */;
			proxyType = 1;
			remoteGlobalIDString = 0BDF5D0C299C6B97007C9FAD;
			remoteInfo = TableView;
		};
/* End PBXContainerItemProxy section */

/* Begin PBXFileReference section */
		0BAA41AD299EE66D00E94B47 /* TableViewCell.swift */ = {isa = PBXFileReference; lastKnownFileType = sourcecode.swift; path = TableViewCell.swift; sourceTree = "<group>"; };
		0BAA41B0299EF84E00E94B47 /* DataUser.swift */ = {isa = PBXFileReference; lastKnownFileType = sourcecode.swift; path = DataUser.swift; sourceTree = "<group>"; };
		0BDF5D0D299C6B97007C9FAD /* TableView.app */ = {isa = PBXFileReference; explicitFileType = wrapper.application; includeInIndex = 0; path = TableView.app; sourceTree = BUILT_PRODUCTS_DIR; };
		0BDF5D10299C6B97007C9FAD /* AppDelegate.swift */ = {isa = PBXFileReference; lastKnownFileType = sourcecode.swift; path = AppDelegate.swift; sourceTree = "<group>"; };
		0BDF5D12299C6B97007C9FAD /* SceneDelegate.swift */ = {isa = PBXFileReference; lastKnownFileType = sourcecode.swift; path = SceneDelegate.swift; sourceTree = "<group>"; };
		0BDF5D14299C6B97007C9FAD /* HomeVC.swift */ = {isa = PBXFileReference; lastKnownFileType = sourcecode.swift; path = HomeVC.swift; sourceTree = "<group>"; };
		0BDF5D19299C6B98007C9FAD /* Assets.xcassets */ = {isa = PBXFileReference; lastKnownFileType = folder.assetcatalog; path = Assets.xcassets; sourceTree = "<group>"; };
		0BDF5D1C299C6B98007C9FAD /* Base */ = {isa = PBXFileReference; lastKnownFileType = file.storyboard; name = Base; path = Base.lproj/LaunchScreen.storyboard; sourceTree = "<group>"; };
		0BDF5D1E299C6B98007C9FAD /* Info.plist */ = {isa = PBXFileReference; lastKnownFileType = text.plist.xml; path = Info.plist; sourceTree = "<group>"; };
		0BDF5D23299C6B98007C9FAD /* TableViewTests.xctest */ = {isa = PBXFileReference; explicitFileType = wrapper.cfbundle; includeInIndex = 0; path = TableViewTests.xctest; sourceTree = BUILT_PRODUCTS_DIR; };
		0BDF5D27299C6B98007C9FAD /* TableViewTests.swift */ = {isa = PBXFileReference; lastKnownFileType = sourcecode.swift; path = TableViewTests.swift; sourceTree = "<group>"; };
		0BDF5D2D299C6B98007C9FAD /* TableViewUITests.xctest */ = {isa = PBXFileReference; explicitFileType = wrapper.cfbundle; includeInIndex = 0; path = TableViewUITests.xctest; sourceTree = BUILT_PRODUCTS_DIR; };
		0BDF5D31299C6B98007C9FAD /* TableViewUITests.swift */ = {isa = PBXFileReference; lastKnownFileType = sourcecode.swift; path = TableViewUITests.swift; sourceTree = "<group>"; };
		0BDF5D33299C6B98007C9FAD /* TableViewUITestsLaunchTests.swift */ = {isa = PBXFileReference; lastKnownFileType = sourcecode.swift; path = TableViewUITestsLaunchTests.swift; sourceTree = "<group>"; };
		0BDF5D44299C7C37007C9FAD /* HomeScreen.swift */ = {isa = PBXFileReference; lastKnownFileType = sourcecode.swift; path = HomeScreen.swift; sourceTree = "<group>"; };
/* End PBXFileReference section */

/* Begin PBXFrameworksBuildPhase section */
		0BDF5D0A299C6B97007C9FAD /* Frameworks */ = {
			isa = PBXFrameworksBuildPhase;
			buildActionMask = 2147483647;
			files = (
			);
			runOnlyForDeploymentPostprocessing = 0;
		};
		0BDF5D20299C6B98007C9FAD /* Frameworks */ = {
			isa = PBXFrameworksBuildPhase;
			buildActionMask = 2147483647;
			files = (
			);
			runOnlyForDeploymentPostprocessing = 0;
		};
		0BDF5D2A299C6B98007C9FAD /* Frameworks */ = {
			isa = PBXFrameworksBuildPhase;
			buildActionMask = 2147483647;
			files = (
			);
			runOnlyForDeploymentPostprocessing = 0;
		};
/* End PBXFrameworksBuildPhase section */

/* Begin PBXGroup section */
		0BAA41AC299EE62800E94B47 /* Cell */ = {
			isa = PBXGroup;
			children = (
				0BAA41AD299EE66D00E94B47 /* TableViewCell.swift */,
			);
			path = Cell;
			sourceTree = "<group>";
		};
		0BAA41AF299EF84100E94B47 /* Model */ = {
			isa = PBXGroup;
			children = (
				0BAA41B0299EF84E00E94B47 /* DataUser.swift */,
			);
			path = Model;
			sourceTree = "<group>";
		};
		0BDF5D04299C6B97007C9FAD = {
			isa = PBXGroup;
			children = (
				0BDF5D0F299C6B97007C9FAD /* TableView */,
				0BDF5D26299C6B98007C9FAD /* TableViewTests */,
				0BDF5D30299C6B98007C9FAD /* TableViewUITests */,
				0BDF5D0E299C6B97007C9FAD /* Products */,
			);
			sourceTree = "<group>";
		};
		0BDF5D0E299C6B97007C9FAD /* Products */ = {
			isa = PBXGroup;
			children = (
				0BDF5D0D299C6B97007C9FAD /* TableView.app */,
				0BDF5D23299C6B98007C9FAD /* TableViewTests.xctest */,
				0BDF5D2D299C6B98007C9FAD /* TableViewUITests.xctest */,
			);
			name = Products;
			sourceTree = "<group>";
		};
		0BDF5D0F299C6B97007C9FAD /* TableView */ = {
			isa = PBXGroup;
			children = (
				0BAA41AF299EF84100E94B47 /* Model */,
				0BAA41AC299EE62800E94B47 /* Cell */,
				0BDF5D10299C6B97007C9FAD /* AppDelegate.swift */,
				0BDF5D12299C6B97007C9FAD /* SceneDelegate.swift */,
				0BDF5D14299C6B97007C9FAD /* HomeVC.swift */,
				0BDF5D44299C7C37007C9FAD /* HomeScreen.swift */,
				0BDF5D19299C6B98007C9FAD /* Assets.xcassets */,
				0BDF5D1B299C6B98007C9FAD /* LaunchScreen.storyboard */,
				0BDF5D1E299C6B98007C9FAD /* Info.plist */,
			);
			path = TableView;
			sourceTree = "<group>";
		};
		0BDF5D26299C6B98007C9FAD /* TableViewTests */ = {
			isa = PBXGroup;
			children = (
				0BDF5D27299C6B98007C9FAD /* TableViewTests.swift */,
			);
			path = TableViewTests;
			sourceTree = "<group>";
		};
		0BDF5D30299C6B98007C9FAD /* TableViewUITests */ = {
			isa = PBXGroup;
			children = (
				0BDF5D31299C6B98007C9FAD /* TableViewUITests.swift */,
				0BDF5D33299C6B98007C9FAD /* TableViewUITestsLaunchTests.swift */,
			);
			path = TableViewUITests;
			sourceTree = "<group>";
		};
/* End PBXGroup section */

/* Begin PBXNativeTarget section */
		0BDF5D0C299C6B97007C9FAD /* TableView */ = {
			isa = PBXNativeTarget;
			buildConfigurationList = 0BDF5D37299C6B98007C9FAD /* Build configuration list for PBXNativeTarget "TableView" */;
			buildPhases = (
				0BDF5D09299C6B97007C9FAD /* Sources */,
				0BDF5D0A299C6B97007C9FAD /* Frameworks */,
				0BDF5D0B299C6B97007C9FAD /* Resources */,
			);
			buildRules = (
			);
			dependencies = (
			);
			name = TableView;
			productName = TableView;
			productReference = 0BDF5D0D299C6B97007C9FAD /* TableView.app */;
			productType = "com.apple.product-type.application";
		};
		0BDF5D22299C6B98007C9FAD /* TableViewTests */ = {
			isa = PBXNativeTarget;
			buildConfigurationList = 0BDF5D3A299C6B98007C9FAD /* Build configuration list for PBXNativeTarget "TableViewTests" */;
			buildPhases = (
				0BDF5D1F299C6B98007C9FAD /* Sources */,
				0BDF5D20299C6B98007C9FAD /* Frameworks */,
				0BDF5D21299C6B98007C9FAD /* Resources */,
			);
			buildRules = (
			);
			dependencies = (
				0BDF5D25299C6B98007C9FAD /* PBXTargetDependency */,
			);
			name = TableViewTests;
			productName = TableViewTests;
			productReference = 0BDF5D23299C6B98007C9FAD /* TableViewTests.xctest */;
			productType = "com.apple.product-type.bundle.unit-test";
		};
		0BDF5D2C299C6B98007C9FAD /* TableViewUITests */ = {
			isa = PBXNativeTarget;
			buildConfigurationList = 0BDF5D3D299C6B98007C9FAD /* Build configuration list for PBXNativeTarget "TableViewUITests" */;
			buildPhases = (
				0BDF5D29299C6B98007C9FAD /* Sources */,
				0BDF5D2A299C6B98007C9FAD /* Frameworks */,
				0BDF5D2B299C6B98007C9FAD /* Resources */,
			);
			buildRules = (
			);
			dependencies = (
				0BDF5D2F299C6B98007C9FAD /* PBXTargetDependency */,
			);
			name = TableViewUITests;
			productName = TableViewUITests;
			productReference = 0BDF5D2D299C6B98007C9FAD /* TableViewUITests.xctest */;
			productType = "com.apple.product-type.bundle.ui-testing";
		};
/* End PBXNativeTarget section */

/* Begin PBXProject section */
		0BDF5D05299C6B97007C9FAD /* Project object */ = {
			isa = PBXProject;
			attributes = {
				BuildIndependentTargetsInParallel = 1;
				LastSwiftUpdateCheck = 1400;
				LastUpgradeCheck = 1400;
				TargetAttributes = {
					0BDF5D0C299C6B97007C9FAD = {
						CreatedOnToolsVersion = 14.0.1;
					};
					0BDF5D22299C6B98007C9FAD = {
						CreatedOnToolsVersion = 14.0.1;
						TestTargetID = 0BDF5D0C299C6B97007C9FAD;
					};
					0BDF5D2C299C6B98007C9FAD = {
						CreatedOnToolsVersion = 14.0.1;
						TestTargetID = 0BDF5D0C299C6B97007C9FAD;
					};
				};
			};
			buildConfigurationList = 0BDF5D08299C6B97007C9FAD /* Build configuration list for PBXProject "TableView" */;
			compatibilityVersion = "Xcode 14.0";
			developmentRegion = en;
			hasScannedForEncodings = 0;
			knownRegions = (
				en,
				Base,
			);
			mainGroup = 0BDF5D04299C6B97007C9FAD;
			productRefGroup = 0BDF5D0E299C6B97007C9FAD /* Products */;
			projectDirPath = "";
			projectRoot = "";
			targets = (
				0BDF5D0C299C6B97007C9FAD /* TableView */,
				0BDF5D22299C6B98007C9FAD /* TableViewTests */,
				0BDF5D2C299C6B98007C9FAD /* TableViewUITests */,
			);
		};
/* End PBXProject section */

/* Begin PBXResourcesBuildPhase section */
		0BDF5D0B299C6B97007C9FAD /* Resources */ = {
			isa = PBXResourcesBuildPhase;
			buildActionMask = 2147483647;
			files = (
				0BDF5D1D299C6B98007C9FAD /* LaunchScreen.storyboard in Resources */,
				0BDF5D1A299C6B98007C9FAD /* Assets.xcassets in Resources */,
			);
			runOnlyForDeploymentPostprocessing = 0;
		};
		0BDF5D21299C6B98007C9FAD /* Resources */ = {
			isa = PBXResourcesBuildPhase;
			buildActionMask = 2147483647;
			files = (
			);
			runOnlyForDeploymentPostprocessing = 0;
		};
		0BDF5D2B299C6B98007C9FAD /* Resources */ = {
			isa = PBXResourcesBuildPhase;
			buildActionMask = 2147483647;
			files = (
			);
			runOnlyForDeploymentPostprocessing = 0;
		};
/* End PBXResourcesBuildPhase section */

/* Begin PBXSourcesBuildPhase section */
		0BDF5D09299C6B97007C9FAD /* Sources */ = {
			isa = PBXSourcesBuildPhase;
			buildActionMask = 2147483647;
			files = (
				0BAA41AE299EE66D00E94B47 /* TableViewCell.swift in Sources */,
				0BDF5D45299C7C37007C9FAD /* HomeScreen.swift in Sources */,
				0BAA41B1299EF84E00E94B47 /* DataUser.swift in Sources */,
				0BDF5D15299C6B97007C9FAD /* HomeVC.swift in Sources */,
				0BDF5D11299C6B97007C9FAD /* AppDelegate.swift in Sources */,
				0BDF5D13299C6B97007C9FAD /* SceneDelegate.swift in Sources */,
			);
			runOnlyForDeploymentPostprocessing = 0;
		};
		0BDF5D1F299C6B98007C9FAD /* Sources */ = {
			isa = PBXSourcesBuildPhase;
			buildActionMask = 2147483647;
			files = (
				0BDF5D28299C6B98007C9FAD /* TableViewTests.swift in Sources */,
			);
			runOnlyForDeploymentPostprocessing = 0;
		};
		0BDF5D29299C6B98007C9FAD /* Sources */ = {
			isa = PBXSourcesBuildPhase;
			buildActionMask = 2147483647;
			files = (
				0BDF5D34299C6B98007C9FAD /* TableViewUITestsLaunchTests.swift in Sources */,
				0BDF5D32299C6B98007C9FAD /* TableViewUITests.swift in Sources */,
			);
			runOnlyForDeploymentPostprocessing = 0;
		};
/* End PBXSourcesBuildPhase section */

/* Begin PBXTargetDependency section */
		0BDF5D25299C6B98007C9FAD /* PBXTargetDependency */ = {
			isa = PBXTargetDependency;
			target = 0BDF5D0C299C6B97007C9FAD /* TableView */;
			targetProxy = 0BDF5D24299C6B98007C9FAD /* PBXContainerItemProxy */;
		};
		0BDF5D2F299C6B98007C9FAD /* PBXTargetDependency */ = {
			isa = PBXTargetDependency;
			target = 0BDF5D0C299C6B97007C9FAD /* TableView */;
			targetProxy = 0BDF5D2E299C6B98007C9FAD /* PBXContainerItemProxy */;
		};
/* End PBXTargetDependency section */

/* Begin PBXVariantGroup section */
		0BDF5D1B299C6B98007C9FAD /* LaunchScreen.storyboard */ = {
			isa = PBXVariantGroup;
			children = (
				0BDF5D1C299C6B98007C9FAD /* Base */,
			);
			name = LaunchScreen.storyboard;
			sourceTree = "<group>";
		};
/* End PBXVariantGroup section */

/* Begin XCBuildConfiguration section */
		0BDF5D35299C6B98007C9FAD /* Debug */ = {
			isa = XCBuildConfiguration;
			buildSettings = {
				ALWAYS_SEARCH_USER_PATHS = NO;
				CLANG_ANALYZER_NONNULL = YES;
				CLANG_ANALYZER_NUMBER_OBJECT_CONVERSION = YES_AGGRESSIVE;
				CLANG_CXX_LANGUAGE_STANDARD = "gnu++20";
				CLANG_ENABLE_MODULES = YES;
				CLANG_ENABLE_OBJC_ARC = YES;
				CLANG_ENABLE_OBJC_WEAK = YES;
				CLANG_WARN_BLOCK_CAPTURE_AUTORELEASING = YES;
				CLANG_WARN_BOOL_CONVERSION = YES;
				CLANG_WARN_COMMA = YES;
				CLANG_WARN_CONSTANT_CONVERSION = YES;
				CLANG_WARN_DEPRECATED_OBJC_IMPLEMENTATIONS = YES;
				CLANG_WARN_DIRECT_OBJC_ISA_USAGE = YES_ERROR;
				CLANG_WARN_DOCUMENTATION_COMMENTS = YES;
				CLANG_WARN_EMPTY_BODY = YES;
				CLANG_WARN_ENUM_CONVERSION = YES;
				CLANG_WARN_INFINITE_RECURSION = YES;
				CLANG_WARN_INT_CONVERSION = YES;
				CLANG_WARN_NON_LITERAL_NULL_CONVERSION = YES;
				CLANG_WARN_OBJC_IMPLICIT_RETAIN_SELF = YES;
				CLANG_WARN_OBJC_LITERAL_CONVERSION = YES;
				CLANG_WARN_OBJC_ROOT_CLASS = YES_ERROR;
				CLANG_WARN_QUOTED_INCLUDE_IN_FRAMEWORK_HEADER = YES;
				CLANG_WARN_RANGE_LOOP_ANALYSIS = YES;
				CLANG_WARN_STRICT_PROTOTYPES = YES;
				CLANG_WARN_SUSPICIOUS_MOVE = YES;
				CLANG_WARN_UNGUARDED_AVAILABILITY = YES_AGGRESSIVE;
				CLANG_WARN_UNREACHABLE_CODE = YES;
				CLANG_WARN__DUPLICATE_METHOD_MATCH = YES;
				COPY_PHASE_STRIP = NO;
				DEBUG_INFORMATION_FORMAT = dwarf;
				ENABLE_STRICT_OBJC_MSGSEND = YES;
				ENABLE_TESTABILITY = YES;
				GCC_C_LANGUAGE_STANDARD = gnu11;
				GCC_DYNAMIC_NO_PIC = NO;
				GCC_NO_COMMON_BLOCKS = YES;
				GCC_OPTIMIZATION_LEVEL = 0;
				GCC_PREPROCESSOR_DEFINITIONS = (
					"DEBUG=1",
					"$(inherited)",
				);
				GCC_WARN_64_TO_32_BIT_CONVERSION = YES;
				GCC_WARN_ABOUT_RETURN_TYPE = YES_ERROR;
				GCC_WARN_UNDECLARED_SELECTOR = YES;
				GCC_WARN_UNINITIALIZED_AUTOS = YES_AGGRESSIVE;
				GCC_WARN_UNUSED_FUNCTION = YES;
				GCC_WARN_UNUSED_VARIABLE = YES;
				IPHONEOS_DEPLOYMENT_TARGET = 16.0;
				MTL_ENABLE_DEBUG_INFO = INCLUDE_SOURCE;
				MTL_FAST_MATH = YES;
				ONLY_ACTIVE_ARCH = YES;
				SDKROOT = iphoneos;
				SWIFT_ACTIVE_COMPILATION_CONDITIONS = DEBUG;
				SWIFT_OPTIMIZATION_LEVEL = "-Onone";
			};
			name = Debug;
		};
		0BDF5D36299C6B98007C9FAD /* Release */ = {
			isa = XCBuildConfiguration;
			buildSettings = {
				ALWAYS_SEARCH_USER_PATHS = NO;
				CLANG_ANALYZER_NONNULL = YES;
				CLANG_ANALYZER_NUMBER_OBJECT_CONVERSION = YES_AGGRESSIVE;
				CLANG_CXX_LANGUAGE_STANDARD = "gnu++20";
				CLANG_ENABLE_MODULES = YES;
				CLANG_ENABLE_OBJC_ARC = YES;
				CLANG_ENABLE_OBJC_WEAK = YES;
				CLANG_WARN_BLOCK_CAPTURE_AUTORELEASING = YES;
				CLANG_WARN_BOOL_CONVERSION = YES;
				CLANG_WARN_COMMA = YES;
				CLANG_WARN_CONSTANT_CONVERSION = YES;
				CLANG_WARN_DEPRECATED_OBJC_IMPLEMENTATIONS = YES;
				CLANG_WARN_DIRECT_OBJC_ISA_USAGE = YES_ERROR;
				CLANG_WARN_DOCUMENTATION_COMMENTS = YES;
				CLANG_WARN_EMPTY_BODY = YES;
				CLANG_WARN_ENUM_CONVERSION = YES;
				CLANG_WARN_INFINITE_RECURSION = YES;
				CLANG_WARN_INT_CONVERSION = YES;
				CLANG_WARN_NON_LITERAL_NULL_CONVERSION = YES;
				CLANG_WARN_OBJC_IMPLICIT_RETAIN_SELF = YES;
				CLANG_WARN_OBJC_LITERAL_CONVERSION = YES;
				CLANG_WARN_OBJC_ROOT_CLASS = YES_ERROR;
				CLANG_WARN_QUOTED_INCLUDE_IN_FRAMEWORK_HEADER = YES;
				CLANG_WARN_RANGE_LOOP_ANALYSIS = YES;
				CLANG_WARN_STRICT_PROTOTYPES = YES;
				CLANG_WARN_SUSPICIOUS_MOVE = YES;
				CLANG_WARN_UNGUARDED_AVAILABILITY = YES_AGGRESSIVE;
				CLANG_WARN_UNREACHABLE_CODE = YES;
				CLANG_WARN__DUPLICATE_METHOD_MATCH = YES;
				COPY_PHASE_STRIP = NO;
				DEBUG_INFORMATION_FORMAT = "dwarf-with-dsym";
				ENABLE_NS_ASSERTIONS = NO;
				ENABLE_STRICT_OBJC_MSGSEND = YES;
				GCC_C_LANGUAGE_STANDARD = gnu11;
				GCC_NO_COMMON_BLOCKS = YES;
				GCC_WARN_64_TO_32_BIT_CONVERSION = YES;
				GCC_WARN_ABOUT_RETURN_TYPE = YES_ERROR;
				GCC_WARN_UNDECLARED_SELECTOR = YES;
				GCC_WARN_UNINITIALIZED_AUTOS = YES_AGGRESSIVE;
				GCC_WARN_UNUSED_FUNCTION = YES;
				GCC_WARN_UNUSED_VARIABLE = YES;
				IPHONEOS_DEPLOYMENT_TARGET = 16.0;
				MTL_ENABLE_DEBUG_INFO = NO;
				MTL_FAST_MATH = YES;
				SDKROOT = iphoneos;
				SWIFT_COMPILATION_MODE = wholemodule;
				SWIFT_OPTIMIZATION_LEVEL = "-O";
				VALIDATE_PRODUCT = YES;
			};
			name = Release;
		};
		0BDF5D38299C6B98007C9FAD /* Debug */ = {
			isa = XCBuildConfiguration;
			buildSettings = {
				ASSETCATALOG_COMPILER_APPICON_NAME = AppIcon;
				ASSETCATALOG_COMPILER_GLOBAL_ACCENT_COLOR_NAME = AccentColor;
				CODE_SIGN_STYLE = Automatic;
				CURRENT_PROJECT_VERSION = 1;
				GENERATE_INFOPLIST_FILE = YES;
				INFOPLIST_FILE = TableView/Info.plist;
				INFOPLIST_KEY_UIApplicationSupportsIndirectInputEvents = YES;
				INFOPLIST_KEY_UILaunchStoryboardName = LaunchScreen;
				INFOPLIST_KEY_UIMainStoryboardFile = "";
				INFOPLIST_KEY_UISupportedInterfaceOrientations_iPad = "UIInterfaceOrientationPortrait UIInterfaceOrientationPortraitUpsideDown UIInterfaceOrientationLandscapeLeft UIInterfaceOrientationLandscapeRight";
				INFOPLIST_KEY_UISupportedInterfaceOrientations_iPhone = "UIInterfaceOrientationPortrait UIInterfaceOrientationLandscapeLeft UIInterfaceOrientationLandscapeRight";
				LD_RUNPATH_SEARCH_PATHS = (
					"$(inherited)",
					"@executable_path/Frameworks",
				);
				MARKETING_VERSION = 1.0;
				PRODUCT_BUNDLE_IDENTIFIER = ellcavalcante.TableView;
				PRODUCT_NAME = "$(TARGET_NAME)";
				SWIFT_EMIT_LOC_STRINGS = YES;
				SWIFT_VERSION = 5.0;
				TARGETED_DEVICE_FAMILY = "1,2";
			};
			name = Debug;
		};
		0BDF5D39299C6B98007C9FAD /* Release */ = {
			isa = XCBuildConfiguration;
			buildSettings = {
				ASSETCATALOG_COMPILER_APPICON_NAME = AppIcon;
				ASSETCATALOG_COMPILER_GLOBAL_ACCENT_COLOR_NAME = AccentColor;
				CODE_SIGN_STYLE = Automatic;
				CURRENT_PROJECT_VERSION = 1;
				GENERATE_INFOPLIST_FILE = YES;
				INFOPLIST_FILE = TableView/Info.plist;
				INFOPLIST_KEY_UIApplicationSupportsIndirectInputEvents = YES;
				INFOPLIST_KEY_UILaunchStoryboardName = LaunchScreen;
				INFOPLIST_KEY_UIMainStoryboardFile = "";
				INFOPLIST_KEY_UISupportedInterfaceOrientations_iPad = "UIInterfaceOrientationPortrait UIInterfaceOrientationPortraitUpsideDown UIInterfaceOrientationLandscapeLeft UIInterfaceOrientationLandscapeRight";
				INFOPLIST_KEY_UISupportedInterfaceOrientations_iPhone = "UIInterfaceOrientationPortrait UIInterfaceOrientationLandscapeLeft UIInterfaceOrientationLandscapeRight";
				LD_RUNPATH_SEARCH_PATHS = (
					"$(inherited)",
					"@executable_path/Frameworks",
				);
				MARKETING_VERSION = 1.0;
				PRODUCT_BUNDLE_IDENTIFIER = ellcavalcante.TableView;
				PRODUCT_NAME = "$(TARGET_NAME)";
				SWIFT_EMIT_LOC_STRINGS = YES;
				SWIFT_VERSION = 5.0;
				TARGETED_DEVICE_FAMILY = "1,2";
			};
			name = Release;
		};
		0BDF5D3B299C6B98007C9FAD /* Debug */ = {
			isa = XCBuildConfiguration;
			buildSettings = {
				ALWAYS_EMBED_SWIFT_STANDARD_LIBRARIES = YES;
				BUNDLE_LOADER = "$(TEST_HOST)";
				CODE_SIGN_STYLE = Automatic;
				CURRENT_PROJECT_VERSION = 1;
				GENERATE_INFOPLIST_FILE = YES;
				IPHONEOS_DEPLOYMENT_TARGET = 16.0;
				MARKETING_VERSION = 1.0;
				PRODUCT_BUNDLE_IDENTIFIER = ellcavalcante.TableViewTests;
				PRODUCT_NAME = "$(TARGET_NAME)";
				SWIFT_EMIT_LOC_STRINGS = NO;
				SWIFT_VERSION = 5.0;
				TARGETED_DEVICE_FAMILY = "1,2";
				TEST_HOST = "$(BUILT_PRODUCTS_DIR)/TableView.app/$(BUNDLE_EXECUTABLE_FOLDER_PATH)/TableView";
			};
			name = Debug;
		};
		0BDF5D3C299C6B98007C9FAD /* Release */ = {
			isa = XCBuildConfiguration;
			buildSettings = {
				ALWAYS_EMBED_SWIFT_STANDARD_LIBRARIES = YES;
				BUNDLE_LOADER = "$(TEST_HOST)";
				CODE_SIGN_STYLE = Automatic;
				CURRENT_PROJECT_VERSION = 1;
				GENERATE_INFOPLIST_FILE = YES;
				IPHONEOS_DEPLOYMENT_TARGET = 16.0;
				MARKETING_VERSION = 1.0;
				PRODUCT_BUNDLE_IDENTIFIER = ellcavalcante.TableViewTests;
				PRODUCT_NAME = "$(TARGET_NAME)";
				SWIFT_EMIT_LOC_STRINGS = NO;
				SWIFT_VERSION = 5.0;
				TARGETED_DEVICE_FAMILY = "1,2";
				TEST_HOST = "$(BUILT_PRODUCTS_DIR)/TableView.app/$(BUNDLE_EXECUTABLE_FOLDER_PATH)/TableView";
			};
			name = Release;
		};
		0BDF5D3E299C6B98007C9FAD /* Debug */ = {
			isa = XCBuildConfiguration;
			buildSettings = {
				ALWAYS_EMBED_SWIFT_STANDARD_LIBRARIES = YES;
				CODE_SIGN_STYLE = Automatic;
				CURRENT_PROJECT_VERSION = 1;
				GENERATE_INFOPLIST_FILE = YES;
				MARKETING_VERSION = 1.0;
				PRODUCT_BUNDLE_IDENTIFIER = ellcavalcante.TableViewUITests;
				PRODUCT_NAME = "$(TARGET_NAME)";
				SWIFT_EMIT_LOC_STRINGS = NO;
				SWIFT_VERSION = 5.0;
				TARGETED_DEVICE_FAMILY = "1,2";
				TEST_TARGET_NAME = TableView;
			};
			name = Debug;
		};
		0BDF5D3F299C6B98007C9FAD /* Release */ = {
			isa = XCBuildConfiguration;
			buildSettings = {
				ALWAYS_EMBED_SWIFT_STANDARD_LIBRARIES = YES;
				CODE_SIGN_STYLE = Automatic;
				CURRENT_PROJECT_VERSION = 1;
				GENERATE_INFOPLIST_FILE = YES;
				MARKETING_VERSION = 1.0;
				PRODUCT_BUNDLE_IDENTIFIER = ellcavalcante.TableViewUITests;
				PRODUCT_NAME = "$(TARGET_NAME)";
				SWIFT_EMIT_LOC_STRINGS = NO;
				SWIFT_VERSION = 5.0;
				TARGETED_DEVICE_FAMILY = "1,2";
				TEST_TARGET_NAME = TableView;
			};
			name = Release;
		};
/* End XCBuildConfiguration section */

/* Begin XCConfigurationList section */
		0BDF5D08299C6B97007C9FAD /* Build configuration list for PBXProject "TableView" */ = {
			isa = XCConfigurationList;
			buildConfigurations = (
				0BDF5D35299C6B98007C9FAD /* Debug */,
				0BDF5D36299C6B98007C9FAD /* Release */,
			);
			defaultConfigurationIsVisible = 0;
			defaultConfigurationName = Release;
		};
		0BDF5D37299C6B98007C9FAD /* Build configuration list for PBXNativeTarget "TableView" */ = {
			isa = XCConfigurationList;
			buildConfigurations = (
				0BDF5D38299C6B98007C9FAD /* Debug */,
				0BDF5D39299C6B98007C9FAD /* Release */,
			);
			defaultConfigurationIsVisible = 0;
			defaultConfigurationName = Release;
		};
		0BDF5D3A299C6B98007C9FAD /* Build configuration list for PBXNativeTarget "TableViewTests" */ = {
			isa = XCConfigurationList;
			buildConfigurations = (
				0BDF5D3B299C6B98007C9FAD /* Debug */,
				0BDF5D3C299C6B98007C9FAD /* Release */,
			);
			defaultConfigurationIsVisible = 0;
			defaultConfigurationName = Release;
		};
		0BDF5D3D299C6B98007C9FAD /* Build configuration list for PBXNativeTarget "TableViewUITests" */ = {
			isa = XCConfigurationList;
			buildConfigurations = (
				0BDF5D3E299C6B98007C9FAD /* Debug */,
				0BDF5D3F299C6B98007C9FAD /* Release */,
			);
			defaultConfigurationIsVisible = 0;
			defaultConfigurationName = Release;
		};
/* End XCConfigurationList section */
	};
	rootObject = 0BDF5D05299C6B97007C9FAD /* Project object */;
}
